
Microsoft Visual Studio Solution File, Format Version 12.00
# Visual Studio Version 16
VisualStudioVersion = 16.0.29609.76
MinimumVisualStudioVersion = 10.0.40219.1
Project("{6EC3EE1D-3C4E-46DD-8F32-0CC8E7565705}") = "text-editor", "text-editor\text-editor.fsproj", "{ACF6A2F5-D211-458C-A315-FFDC1299A08E}"
EndProject
Global
	GlobalSection(SolutionConfigurationPlatforms) = preSolution
		Debug|Any CPU = Debug|Any CPU
		Release|Any CPU = Release|Any CPU
	EndGlobalSection
	GlobalSection(ProjectConfigurationPlatforms) = postSolution
		{ACF6A2F5-D211-458C-A315-FFDC1299A08E}.Debug|Any CPU.ActiveCfg = Debug|Any CPU
		{ACF6A2F5-D211-458C-A315-FFDC1299A08E}.Debug|Any CPU.Build.0 = Debug|Any CPU
		{ACF6A2F5-D211-458C-A315-FFDC1299A08E}.Release|Any CPU.ActiveCfg = Release|Any CPU
		{ACF6A2F5-D211-458C-A315-FFDC1299A08E}.Release|Any CPU.Build.0 = Release|Any CPU
	EndGlobalSection
	GlobalSection(SolutionProperties) = preSolution
		HideSolutionNode = FALSE
	EndGlobalSection
	GlobalSection(ExtensibilityGlobals) = postSolution
		SolutionGuid = {398DC077-6460-49DD-A9DB-F9EB9411DCF2}
	EndGlobalSection
EndGlobal
